// !$*UTF8*$!
{
	archiveVersion = 1;
	classes = {
	};
	objectVersion = 77;
	objects = {

/* Begin PBXBuildFile section */
		637627E72ED57F65001EE8E5 /* NetworkingKit in Frameworks */ = {isa = PBXBuildFile; productRef = 637627E62ED57F65001EE8E5 /* NetworkingKit */; };
		637627E92ED57F69001EE8E5 /* Models in Frameworks */ = {isa = PBXBuildFile; productRef = 637627E82ED57F69001EE8E5 /* Models */; };
		637627EB2ED57F6C001EE8E5 /* LocalizationKit in Frameworks */ = {isa = PBXBuildFile; productRef = 637627EA2ED57F6C001EE8E5 /* LocalizationKit */; };
/* End PBXBuildFile section */

/* Begin PBXContainerItemProxy section */
		63F44E562ED44E4D00A774AE /* PBXContainerItemProxy */ = {
			isa = PBXContainerItemProxy;
			containerPortal = 63F44E402ED44E4C00A774AE /* Project object */;
			proxyType = 1;
			remoteGlobalIDString = 63F44E472ED44E4C00A774AE;
			remoteInfo = CryptoTracker;
		};
		63F44E602ED44E4D00A774AE /* PBXContainerItemProxy */ = {
			isa = PBXContainerItemProxy;
			containerPortal = 63F44E402ED44E4C00A774AE /* Project object */;
			proxyType = 1;
			remoteGlobalIDString = 63F44E472ED44E4C00A774AE;
			remoteInfo = CryptoTracker;
		};
/* End PBXContainerItemProxy section */

/* Begin PBXFileReference section */
		63F44E482ED44E4C00A774AE /* CryptoTracker.app */ = {isa = PBXFileReference; explicitFileType = wrapper.application; includeInIndex = 0; path = CryptoTracker.app; sourceTree = BUILT_PRODUCTS_DIR; };
		63F44E552ED44E4D00A774AE /* CryptoTrackerTests.xctest */ = {isa = PBXFileReference; explicitFileType = wrapper.cfbundle; includeInIndex = 0; path = CryptoTrackerTests.xctest; sourceTree = BUILT_PRODUCTS_DIR; };
		63F44E5F2ED44E4D00A774AE /* CryptoTrackerUITests.xctest */ = {isa = PBXFileReference; explicitFileType = wrapper.cfbundle; includeInIndex = 0; path = CryptoTrackerUITests.xctest; sourceTree = BUILT_PRODUCTS_DIR; };
/* End PBXFileReference section */

/* Begin PBXFileSystemSynchronizedBuildFileExceptionSet section */
		63F44F382ED4799D00A774AE /* Exceptions for "Packages" folder in "CryptoTracker" target */ = {
			isa = PBXFileSystemSynchronizedBuildFileExceptionSet;
			membershipExceptions = (
				LocalizationKit,
				Models,
				NetworkingKit,
			);
			target = 63F44E472ED44E4C00A774AE /* CryptoTracker */;
		};
/* End PBXFileSystemSynchronizedBuildFileExceptionSet section */

/* Begin PBXFileSystemSynchronizedRootGroup section */
		63F44E4A2ED44E4C00A774AE /* CryptoTracker */ = {
			isa = PBXFileSystemSynchronizedRootGroup;
			path = CryptoTracker;
			sourceTree = "<group>";
		};
		63F44E582ED44E4D00A774AE /* CryptoTrackerTests */ = {
			isa = PBXFileSystemSynchronizedRootGroup;
			path = CryptoTrackerTests;
			sourceTree = "<group>";
		};
		63F44E622ED44E4D00A774AE /* CryptoTrackerUITests */ = {
			isa = PBXFileSystemSynchronizedRootGroup;
			path = CryptoTrackerUITests;
			sourceTree = "<group>";
		};
		63F44F372ED4799D00A774AE /* Packages */ = {
			isa = PBXFileSystemSynchronizedRootGroup;
			exceptions = (
				63F44F382ED4799D00A774AE /* Exceptions for "Packages" folder in "CryptoTracker" target */,
			);
			path = Packages;
			sourceTree = "<group>";
		};
/* End PBXFileSystemSynchronizedRootGroup section */

/* Begin PBXFrameworksBuildPhase section */
		63F44E452ED44E4C00A774AE /* Frameworks */ = {
			isa = PBXFrameworksBuildPhase;
			buildActionMask = 2147483647;
			files = (
				637627E92ED57F69001EE8E5 /* Models in Frameworks */,
				637627EB2ED57F6C001EE8E5 /* LocalizationKit in Frameworks */,
				637627E72ED57F65001EE8E5 /* NetworkingKit in Frameworks */,
			);
			runOnlyForDeploymentPostprocessing = 0;
		};
		63F44E522ED44E4D00A774AE /* Frameworks */ = {
			isa = PBXFrameworksBuildPhase;
			buildActionMask = 2147483647;
			files = (
			);
			runOnlyForDeploymentPostprocessing = 0;
		};
		63F44E5C2ED44E4D00A774AE /* Frameworks */ = {
			isa = PBXFrameworksBuildPhase;
			buildActionMask = 2147483647;
			files = (
			);
			runOnlyForDeploymentPostprocessing = 0;
		};
/* End PBXFrameworksBuildPhase section */

/* Begin PBXGroup section */
		637627E52ED57F65001EE8E5 /* Frameworks */ = {
			isa = PBXGroup;
			children = (
			);
			name = Frameworks;
			sourceTree = "<group>";
		};
		63F44E3F2ED44E4C00A774AE = {
			isa = PBXGroup;
			children = (
				63F44F372ED4799D00A774AE /* Packages */,
				63F44E4A2ED44E4C00A774AE /* CryptoTracker */,
				63F44E582ED44E4D00A774AE /* CryptoTrackerTests */,
				63F44E622ED44E4D00A774AE /* CryptoTrackerUITests */,
				637627E52ED57F65001EE8E5 /* Frameworks */,
				63F44E492ED44E4C00A774AE /* Products */,
			);
			sourceTree = "<group>";
		};
		63F44E492ED44E4C00A774AE /* Products */ = {
			isa = PBXGroup;
			children = (
				63F44E482ED44E4C00A774AE /* CryptoTracker.app */,
				63F44E552ED44E4D00A774AE /* CryptoTrackerTests.xctest */,
				63F44E5F2ED44E4D00A774AE /* CryptoTrackerUITests.xctest */,
			);
			name = Products;
			sourceTree = "<group>";
		};
/* End PBXGroup section */

/* Begin PBXNativeTarget section */
		63F44E472ED44E4C00A774AE /* CryptoTracker */ = {
			isa = PBXNativeTarget;
			buildConfigurationList = 63F44E692ED44E4D00A774AE /* Build configuration list for PBXNativeTarget "CryptoTracker" */;
			buildPhases = (
				63F44E442ED44E4C00A774AE /* Sources */,
				63F44E452ED44E4C00A774AE /* Frameworks */,
				63F44E462ED44E4C00A774AE /* Resources */,
			);
			buildRules = (
			);
			dependencies = (
			);
			fileSystemSynchronizedGroups = (
				63F44E4A2ED44E4C00A774AE /* CryptoTracker */,
				63F44F372ED4799D00A774AE /* Packages */,
			);
			name = CryptoTracker;
			packageProductDependencies = (
				637627E62ED57F65001EE8E5 /* NetworkingKit */,
				637627E82ED57F69001EE8E5 /* Models */,
				637627EA2ED57F6C001EE8E5 /* LocalizationKit */,
			);
			productName = CryptoTracker;
			productReference = 63F44E482ED44E4C00A774AE /* CryptoTracker.app */;
			productType = "com.apple.product-type.application";
		};
		63F44E542ED44E4D00A774AE /* CryptoTrackerTests */ = {
			isa = PBXNativeTarget;
			buildConfigurationList = 63F44E6C2ED44E4D00A774AE /* Build configuration list for PBXNativeTarget "CryptoTrackerTests" */;
			buildPhases = (
				63F44E512ED44E4D00A774AE /* Sources */,
				63F44E522ED44E4D00A774AE /* Frameworks */,
				63F44E532ED44E4D00A774AE /* Resources */,
			);
			buildRules = (
			);
			dependencies = (
				63F44E572ED44E4D00A774AE /* PBXTargetDependency */,
			);
			fileSystemSynchronizedGroups = (
				63F44E582ED44E4D00A774AE /* CryptoTrackerTests */,
			);
			name = CryptoTrackerTests;
			packageProductDependencies = (
			);
			productName = CryptoTrackerTests;
			productReference = 63F44E552ED44E4D00A774AE /* CryptoTrackerTests.xctest */;
			productType = "com.apple.product-type.bundle.unit-test";
		};
		63F44E5E2ED44E4D00A774AE /* CryptoTrackerUITests */ = {
			isa = PBXNativeTarget;
			buildConfigurationList = 63F44E6F2ED44E4D00A774AE /* Build configuration list for PBXNativeTarget "CryptoTrackerUITests" */;
			buildPhases = (
				63F44E5B2ED44E4D00A774AE /* Sources */,
				63F44E5C2ED44E4D00A774AE /* Frameworks */,
				63F44E5D2ED44E4D00A774AE /* Resources */,
			);
			buildRules = (
			);
			dependencies = (
				63F44E612ED44E4D00A774AE /* PBXTargetDependency */,
			);
			fileSystemSynchronizedGroups = (
				63F44E622ED44E4D00A774AE /* CryptoTrackerUITests */,
			);
			name = CryptoTrackerUITests;
			packageProductDependencies = (
			);
			productName = CryptoTrackerUITests;
			productReference = 63F44E5F2ED44E4D00A774AE /* CryptoTrackerUITests.xctest */;
			productType = "com.apple.product-type.bundle.ui-testing";
		};
/* End PBXNativeTarget section */

/* Begin PBXProject section */
		63F44E402ED44E4C00A774AE /* Project object */ = {
			isa = PBXProject;
			attributes = {
				BuildIndependentTargetsInParallel = 1;
				LastSwiftUpdateCheck = 2600;
				LastUpgradeCheck = 2600;
				TargetAttributes = {
					63F44E472ED44E4C00A774AE = {
						CreatedOnToolsVersion = 26.0.1;
					};
					63F44E542ED44E4D00A774AE = {
						CreatedOnToolsVersion = 26.0.1;
						TestTargetID = 63F44E472ED44E4C00A774AE;
					};
					63F44E5E2ED44E4D00A774AE = {
						CreatedOnToolsVersion = 26.0.1;
						TestTargetID = 63F44E472ED44E4C00A774AE;
					};
				};
			};
			buildConfigurationList = 63F44E432ED44E4C00A774AE /* Build configuration list for PBXProject "CryptoTracker" */;
			developmentRegion = en;
			hasScannedForEncodings = 0;
			knownRegions = (
				en,
				Base,
				"zh-Hant",
			);
			mainGroup = 63F44E3F2ED44E4C00A774AE;
			minimizedProjectReferenceProxies = 1;
			packageReferences = (
				637627E42ED57E0D001EE8E5 /* XCLocalSwiftPackageReference "Packages/NetworkingKit" */,
			);
			preferredProjectObjectVersion = 77;
			productRefGroup = 63F44E492ED44E4C00A774AE /* Products */;
			projectDirPath = "";
			projectRoot = "";
			targets = (
				63F44E472ED44E4C00A774AE /* CryptoTracker */,
				63F44E542ED44E4D00A774AE /* CryptoTrackerTests */,
				63F44E5E2ED44E4D00A774AE /* CryptoTrackerUITests */,
			);
		};
/* End PBXProject section */

/* Begin PBXResourcesBuildPhase section */
		63F44E462ED44E4C00A774AE /* Resources */ = {
			isa = PBXResourcesBuildPhase;
			buildActionMask = 2147483647;
			files = (
			);
			runOnlyForDeploymentPostprocessing = 0;
		};
		63F44E532ED44E4D00A774AE /* Resources */ = {
			isa = PBXResourcesBuildPhase;
			buildActionMask = 2147483647;
			files = (
			);
			runOnlyForDeploymentPostprocessing = 0;
		};
		63F44E5D2ED44E4D00A774AE /* Resources */ = {
			isa = PBXResourcesBuildPhase;
			buildActionMask = 2147483647;
			files = (
			);
			runOnlyForDeploymentPostprocessing = 0;
		};
/* End PBXResourcesBuildPhase section */

/* Begin PBXSourcesBuildPhase section */
		63F44E442ED44E4C00A774AE /* Sources */ = {
			isa = PBXSourcesBuildPhase;
			buildActionMask = 2147483647;
			files = (
			);
			runOnlyForDeploymentPostprocessing = 0;
		};
		63F44E512ED44E4D00A774AE /* Sources */ = {
			isa = PBXSourcesBuildPhase;
			buildActionMask = 2147483647;
			files = (
			);
			runOnlyForDeploymentPostprocessing = 0;
		};
		63F44E5B2ED44E4D00A774AE /* Sources */ = {
			isa = PBXSourcesBuildPhase;
			buildActionMask = 2147483647;
			files = (
			);
			runOnlyForDeploymentPostprocessing = 0;
		};
/* End PBXSourcesBuildPhase section */

/* Begin PBXTargetDependency section */
		63F44E572ED44E4D00A774AE /* PBXTargetDependency */ = {
			isa = PBXTargetDependency;
			target = 63F44E472ED44E4C00A774AE /* CryptoTracker */;
			targetProxy = 63F44E562ED44E4D00A774AE /* PBXContainerItemProxy */;
		};
		63F44E612ED44E4D00A774AE /* PBXTargetDependency */ = {
			isa = PBXTargetDependency;
			target = 63F44E472ED44E4C00A774AE /* CryptoTracker */;
			targetProxy = 63F44E602ED44E4D00A774AE /* PBXContainerItemProxy */;
		};
/* End PBXTargetDependency section */

/* Begin XCBuildConfiguration section */
		63F44E672ED44E4D00A774AE /* Debug */ = {
			isa = XCBuildConfiguration;
			buildSettings = {
				ALWAYS_SEARCH_USER_PATHS = NO;
				ASSETCATALOG_COMPILER_GENERATE_SWIFT_ASSET_SYMBOL_EXTENSIONS = YES;
				CLANG_ANALYZER_NONNULL = YES;
				CLANG_ANALYZER_NUMBER_OBJECT_CONVERSION = YES_AGGRESSIVE;
				CLANG_CXX_LANGUAGE_STANDARD = "gnu++20";
				CLANG_ENABLE_MODULES = YES;
				CLANG_ENABLE_OBJC_ARC = YES;
				CLANG_ENABLE_OBJC_WEAK = YES;
				CLANG_WARN_BLOCK_CAPTURE_AUTORELEASING = YES;
				CLANG_WARN_BOOL_CONVERSION = YES;
				CLANG_WARN_COMMA = YES;
				CLANG_WARN_CONSTANT_CONVERSION = YES;
				CLANG_WARN_DEPRECATED_OBJC_IMPLEMENTATIONS = YES;
				CLANG_WARN_DIRECT_OBJC_ISA_USAGE = YES_ERROR;
				CLANG_WARN_DOCUMENTATION_COMMENTS = YES;
				CLANG_WARN_EMPTY_BODY = YES;
				CLANG_WARN_ENUM_CONVERSION = YES;
				CLANG_WARN_INFINITE_RECURSION = YES;
				CLANG_WARN_INT_CONVERSION = YES;
				CLANG_WARN_NON_LITERAL_NULL_CONVERSION = YES;
				CLANG_WARN_OBJC_IMPLICIT_RETAIN_SELF = YES;
				CLANG_WARN_OBJC_LITERAL_CONVERSION = YES;
				CLANG_WARN_OBJC_ROOT_CLASS = YES_ERROR;
				CLANG_WARN_QUOTED_INCLUDE_IN_FRAMEWORK_HEADER = YES;
				CLANG_WARN_RANGE_LOOP_ANALYSIS = YES;
				CLANG_WARN_STRICT_PROTOTYPES = YES;
				CLANG_WARN_SUSPICIOUS_MOVE = YES;
				CLANG_WARN_UNGUARDED_AVAILABILITY = YES_AGGRESSIVE;
				CLANG_WARN_UNREACHABLE_CODE = YES;
				CLANG_WARN__DUPLICATE_METHOD_MATCH = YES;
				COPY_PHASE_STRIP = NO;
				DEBUG_INFORMATION_FORMAT = dwarf;
				ENABLE_STRICT_OBJC_MSGSEND = YES;
				ENABLE_TESTABILITY = YES;
				ENABLE_USER_SCRIPT_SANDBOXING = YES;
				GCC_C_LANGUAGE_STANDARD = gnu17;
				GCC_DYNAMIC_NO_PIC = NO;
				GCC_NO_COMMON_BLOCKS = YES;
				GCC_OPTIMIZATION_LEVEL = 0;
				GCC_PREPROCESSOR_DEFINITIONS = (
					"DEBUG=1",
					"$(inherited)",
				);
				GCC_WARN_64_TO_32_BIT_CONVERSION = YES;
				GCC_WARN_ABOUT_RETURN_TYPE = YES_ERROR;
				GCC_WARN_UNDECLARED_SELECTOR = YES;
				GCC_WARN_UNINITIALIZED_AUTOS = YES_AGGRESSIVE;
				GCC_WARN_UNUSED_FUNCTION = YES;
				GCC_WARN_UNUSED_VARIABLE = YES;
				IPHONEOS_DEPLOYMENT_TARGET = 26.0;
				LOCALIZATION_PREFERS_STRING_CATALOGS = YES;
				MTL_ENABLE_DEBUG_INFO = INCLUDE_SOURCE;
				MTL_FAST_MATH = YES;
				ONLY_ACTIVE_ARCH = YES;
				SDKROOT = iphoneos;
				SWIFT_ACTIVE_COMPILATION_CONDITIONS = "DEBUG $(inherited)";
				SWIFT_EMIT_LOC_STRINGS = YES;
				SWIFT_OPTIMIZATION_LEVEL = "-Onone";
			};
			name = Debug;
		};
		63F44E682ED44E4D00A774AE /* Release */ = {
			isa = XCBuildConfiguration;
			buildSettings = {
				ALWAYS_SEARCH_USER_PATHS = NO;
				ASSETCATALOG_COMPILER_GENERATE_SWIFT_ASSET_SYMBOL_EXTENSIONS = YES;
				CLANG_ANALYZER_NONNULL = YES;
				CLANG_ANALYZER_NUMBER_OBJECT_CONVERSION = YES_AGGRESSIVE;
				CLANG_CXX_LANGUAGE_STANDARD = "gnu++20";
				CLANG_ENABLE_MODULES = YES;
				CLANG_ENABLE_OBJC_ARC = YES;
				CLANG_ENABLE_OBJC_WEAK = YES;
				CLANG_WARN_BLOCK_CAPTURE_AUTORELEASING = YES;
				CLANG_WARN_BOOL_CONVERSION = YES;
				CLANG_WARN_COMMA = YES;
				CLANG_WARN_CONSTANT_CONVERSION = YES;
				CLANG_WARN_DEPRECATED_OBJC_IMPLEMENTATIONS = YES;
				CLANG_WARN_DIRECT_OBJC_ISA_USAGE = YES_ERROR;
				CLANG_WARN_DOCUMENTATION_COMMENTS = YES;
				CLANG_WARN_EMPTY_BODY = YES;
				CLANG_WARN_ENUM_CONVERSION = YES;
				CLANG_WARN_INFINITE_RECURSION = YES;
				CLANG_WARN_INT_CONVERSION = YES;
				CLANG_WARN_NON_LITERAL_NULL_CONVERSION = YES;
				CLANG_WARN_OBJC_IMPLICIT_RETAIN_SELF = YES;
				CLANG_WARN_OBJC_LITERAL_CONVERSION = YES;
				CLANG_WARN_OBJC_ROOT_CLASS = YES_ERROR;
				CLANG_WARN_QUOTED_INCLUDE_IN_FRAMEWORK_HEADER = YES;
				CLANG_WARN_RANGE_LOOP_ANALYSIS = YES;
				CLANG_WARN_STRICT_PROTOTYPES = YES;
				CLANG_WARN_SUSPICIOUS_MOVE = YES;
				CLANG_WARN_UNGUARDED_AVAILABILITY = YES_AGGRESSIVE;
				CLANG_WARN_UNREACHABLE_CODE = YES;
				CLANG_WARN__DUPLICATE_METHOD_MATCH = YES;
				COPY_PHASE_STRIP = NO;
				DEBUG_INFORMATION_FORMAT = "dwarf-with-dsym";
				ENABLE_NS_ASSERTIONS = NO;
				ENABLE_STRICT_OBJC_MSGSEND = YES;
				ENABLE_USER_SCRIPT_SANDBOXING = YES;
				GCC_C_LANGUAGE_STANDARD = gnu17;
				GCC_NO_COMMON_BLOCKS = YES;
				GCC_WARN_64_TO_32_BIT_CONVERSION = YES;
				GCC_WARN_ABOUT_RETURN_TYPE = YES_ERROR;
				GCC_WARN_UNDECLARED_SELECTOR = YES;
				GCC_WARN_UNINITIALIZED_AUTOS = YES_AGGRESSIVE;
				GCC_WARN_UNUSED_FUNCTION = YES;
				GCC_WARN_UNUSED_VARIABLE = YES;
				IPHONEOS_DEPLOYMENT_TARGET = 26.0;
				LOCALIZATION_PREFERS_STRING_CATALOGS = YES;
				MTL_ENABLE_DEBUG_INFO = NO;
				MTL_FAST_MATH = YES;
				SDKROOT = iphoneos;
				SWIFT_COMPILATION_MODE = wholemodule;
				SWIFT_EMIT_LOC_STRINGS = YES;
				VALIDATE_PRODUCT = YES;
			};
			name = Release;
		};
		63F44E6A2ED44E4D00A774AE /* Debug */ = {
			isa = XCBuildConfiguration;
			buildSettings = {
				ASSETCATALOG_COMPILER_APPICON_NAME = AppIcon;
				ASSETCATALOG_COMPILER_GLOBAL_ACCENT_COLOR_NAME = AccentColor;
				CODE_SIGN_STYLE = Automatic;
				CURRENT_PROJECT_VERSION = 1;
				ENABLE_PREVIEWS = YES;
				GENERATE_INFOPLIST_FILE = YES;
				INFOPLIST_KEY_UIApplicationSceneManifest_Generation = YES;
				INFOPLIST_KEY_UIApplicationSupportsIndirectInputEvents = YES;
				INFOPLIST_KEY_UILaunchScreen_Generation = YES;
				INFOPLIST_KEY_UISupportedInterfaceOrientations_iPad = "UIInterfaceOrientationPortrait UIInterfaceOrientationPortraitUpsideDown UIInterfaceOrientationLandscapeLeft UIInterfaceOrientationLandscapeRight";
				INFOPLIST_KEY_UISupportedInterfaceOrientations_iPhone = "UIInterfaceOrientationPortrait UIInterfaceOrientationLandscapeLeft UIInterfaceOrientationLandscapeRight";
				LD_RUNPATH_SEARCH_PATHS = (
					"$(inherited)",
					"@executable_path/Frameworks",
				);
				MARKETING_VERSION = 1.0;
				PRODUCT_BUNDLE_IDENTIFIER = com.test.CryptoTracker;
				PRODUCT_NAME = "$(TARGET_NAME)";
				STRING_CATALOG_GENERATE_SYMBOLS = YES;
				SWIFT_APPROACHABLE_CONCURRENCY = YES;
				SWIFT_DEFAULT_ACTOR_ISOLATION = MainActor;
				SWIFT_EMIT_LOC_STRINGS = YES;
				SWIFT_UPCOMING_FEATURE_MEMBER_IMPORT_VISIBILITY = YES;
				SWIFT_VERSION = 5.0;
				TARGETED_DEVICE_FAMILY = "1,2";
			};
			name = Debug;
		};
		63F44E6B2ED44E4D00A774AE /* Release */ = {
			isa = XCBuildConfiguration;
			buildSettings = {
				ASSETCATALOG_COMPILER_APPICON_NAME = AppIcon;
				ASSETCATALOG_COMPILER_GLOBAL_ACCENT_COLOR_NAME = AccentColor;
				CODE_SIGN_STYLE = Automatic;
				CURRENT_PROJECT_VERSION = 1;
				ENABLE_PREVIEWS = YES;
				GENERATE_INFOPLIST_FILE = YES;
				INFOPLIST_KEY_UIApplicationSceneManifest_Generation = YES;
				INFOPLIST_KEY_UIApplicationSupportsIndirectInputEvents = YES;
				INFOPLIST_KEY_UILaunchScreen_Generation = YES;
				INFOPLIST_KEY_UISupportedInterfaceOrientations_iPad = "UIInterfaceOrientationPortrait UIInterfaceOrientationPortraitUpsideDown UIInterfaceOrientationLandscapeLeft UIInterfaceOrientationLandscapeRight";
				INFOPLIST_KEY_UISupportedInterfaceOrientations_iPhone = "UIInterfaceOrientationPortrait UIInterfaceOrientationLandscapeLeft UIInterfaceOrientationLandscapeRight";
				LD_RUNPATH_SEARCH_PATHS = (
					"$(inherited)",
					"@executable_path/Frameworks",
				);
				MARKETING_VERSION = 1.0;
				PRODUCT_BUNDLE_IDENTIFIER = com.test.CryptoTracker;
				PRODUCT_NAME = "$(TARGET_NAME)";
				STRING_CATALOG_GENERATE_SYMBOLS = YES;
				SWIFT_APPROACHABLE_CONCURRENCY = YES;
				SWIFT_DEFAULT_ACTOR_ISOLATION = MainActor;
				SWIFT_EMIT_LOC_STRINGS = YES;
				SWIFT_UPCOMING_FEATURE_MEMBER_IMPORT_VISIBILITY = YES;
				SWIFT_VERSION = 5.0;
				TARGETED_DEVICE_FAMILY = "1,2";
			};
			name = Release;
		};
		63F44E6D2ED44E4D00A774AE /* Debug */ = {
			isa = XCBuildConfiguration;
			buildSettings = {
				BUNDLE_LOADER = "$(TEST_HOST)";
				CODE_SIGN_STYLE = Automatic;
				CURRENT_PROJECT_VERSION = 1;
				GENERATE_INFOPLIST_FILE = YES;
				IPHONEOS_DEPLOYMENT_TARGET = 26.0;
				MARKETING_VERSION = 1.0;
				PRODUCT_BUNDLE_IDENTIFIER = com.test.CryptoTrackerTests;
				PRODUCT_NAME = "$(TARGET_NAME)";
				STRING_CATALOG_GENERATE_SYMBOLS = NO;
				SWIFT_APPROACHABLE_CONCURRENCY = YES;
				SWIFT_EMIT_LOC_STRINGS = NO;
				SWIFT_UPCOMING_FEATURE_MEMBER_IMPORT_VISIBILITY = YES;
				SWIFT_VERSION = 5.0;
				TARGETED_DEVICE_FAMILY = "1,2";
				TEST_HOST = "$(BUILT_PRODUCTS_DIR)/CryptoTracker.app/$(BUNDLE_EXECUTABLE_FOLDER_PATH)/CryptoTracker";
			};
			name = Debug;
		};
		63F44E6E2ED44E4D00A774AE /* Release */ = {
			isa = XCBuildConfiguration;
			buildSettings = {
				BUNDLE_LOADER = "$(TEST_HOST)";
				CODE_SIGN_STYLE = Automatic;
				CURRENT_PROJECT_VERSION = 1;
				GENERATE_INFOPLIST_FILE = YES;
				IPHONEOS_DEPLOYMENT_TARGET = 26.0;
				MARKETING_VERSION = 1.0;
				PRODUCT_BUNDLE_IDENTIFIER = com.test.CryptoTrackerTests;
				PRODUCT_NAME = "$(TARGET_NAME)";
				STRING_CATALOG_GENERATE_SYMBOLS = NO;
				SWIFT_APPROACHABLE_CONCURRENCY = YES;
				SWIFT_EMIT_LOC_STRINGS = NO;
				SWIFT_UPCOMING_FEATURE_MEMBER_IMPORT_VISIBILITY = YES;
				SWIFT_VERSION = 5.0;
				TARGETED_DEVICE_FAMILY = "1,2";
				TEST_HOST = "$(BUILT_PRODUCTS_DIR)/CryptoTracker.app/$(BUNDLE_EXECUTABLE_FOLDER_PATH)/CryptoTracker";
			};
			name = Release;
		};
		63F44E702ED44E4D00A774AE /* Debug */ = {
			isa = XCBuildConfiguration;
			buildSettings = {
				CODE_SIGN_STYLE = Automatic;
				CURRENT_PROJECT_VERSION = 1;
				GENERATE_INFOPLIST_FILE = YES;
				MARKETING_VERSION = 1.0;
				PRODUCT_BUNDLE_IDENTIFIER = com.test.CryptoTrackerUITests;
				PRODUCT_NAME = "$(TARGET_NAME)";
				STRING_CATALOG_GENERATE_SYMBOLS = NO;
				SWIFT_APPROACHABLE_CONCURRENCY = YES;
				SWIFT_EMIT_LOC_STRINGS = NO;
				SWIFT_UPCOMING_FEATURE_MEMBER_IMPORT_VISIBILITY = YES;
				SWIFT_VERSION = 5.0;
				TARGETED_DEVICE_FAMILY = "1,2";
				TEST_TARGET_NAME = CryptoTracker;
			};
			name = Debug;
		};
		63F44E712ED44E4D00A774AE /* Release */ = {
			isa = XCBuildConfiguration;
			buildSettings = {
				CODE_SIGN_STYLE = Automatic;
				CURRENT_PROJECT_VERSION = 1;
				GENERATE_INFOPLIST_FILE = YES;
				MARKETING_VERSION = 1.0;
				PRODUCT_BUNDLE_IDENTIFIER = com.test.CryptoTrackerUITests;
				PRODUCT_NAME = "$(TARGET_NAME)";
				STRING_CATALOG_GENERATE_SYMBOLS = NO;
				SWIFT_APPROACHABLE_CONCURRENCY = YES;
				SWIFT_EMIT_LOC_STRINGS = NO;
				SWIFT_UPCOMING_FEATURE_MEMBER_IMPORT_VISIBILITY = YES;
				SWIFT_VERSION = 5.0;
				TARGETED_DEVICE_FAMILY = "1,2";
				TEST_TARGET_NAME = CryptoTracker;
			};
			name = Release;
		};
/* End XCBuildConfiguration section */

/* Begin XCConfigurationList section */
		63F44E432ED44E4C00A774AE /* Build configuration list for PBXProject "CryptoTracker" */ = {
			isa = XCConfigurationList;
			buildConfigurations = (
				63F44E672ED44E4D00A774AE /* Debug */,
				63F44E682ED44E4D00A774AE /* Release */,
			);
			defaultConfigurationIsVisible = 0;
			defaultConfigurationName = Release;
		};
		63F44E692ED44E4D00A774AE /* Build configuration list for PBXNativeTarget "CryptoTracker" */ = {
			isa = XCConfigurationList;
			buildConfigurations = (
				63F44E6A2ED44E4D00A774AE /* Debug */,
				63F44E6B2ED44E4D00A774AE /* Release */,
			);
			defaultConfigurationIsVisible = 0;
			defaultConfigurationName = Release;
		};
		63F44E6C2ED44E4D00A774AE /* Build configuration list for PBXNativeTarget "CryptoTrackerTests" */ = {
			isa = XCConfigurationList;
			buildConfigurations = (
				63F44E6D2ED44E4D00A774AE /* Debug */,
				63F44E6E2ED44E4D00A774AE /* Release */,
			);
			defaultConfigurationIsVisible = 0;
			defaultConfigurationName = Release;
		};
		63F44E6F2ED44E4D00A774AE /* Build configuration list for PBXNativeTarget "CryptoTrackerUITests" */ = {
			isa = XCConfigurationList;
			buildConfigurations = (
				63F44E702ED44E4D00A774AE /* Debug */,
				63F44E712ED44E4D00A774AE /* Release */,
			);
			defaultConfigurationIsVisible = 0;
			defaultConfigurationName = Release;
		};
/* End XCConfigurationList section */

/* Begin XCLocalSwiftPackageReference section */
		637627E42ED57E0D001EE8E5 /* XCLocalSwiftPackageReference "Packages/NetworkingKit" */ = {
			isa = XCLocalSwiftPackageReference;
			relativePath = Packages/NetworkingKit;
		};
/* End XCLocalSwiftPackageReference section */

/* Begin XCSwiftPackageProductDependency section */
		637627E62ED57F65001EE8E5 /* NetworkingKit */ = {
			isa = XCSwiftPackageProductDependency;
			productName = NetworkingKit;
		};
		637627E82ED57F69001EE8E5 /* Models */ = {
			isa = XCSwiftPackageProductDependency;
			productName = Models;
		};
		637627EA2ED57F6C001EE8E5 /* LocalizationKit */ = {
			isa = XCSwiftPackageProductDependency;
			productName = LocalizationKit;
		};
/* End XCSwiftPackageProductDependency section */
	};
	rootObject = 63F44E402ED44E4C00A774AE /* Project object */;
}
